// !$*UTF8*$!
{
	archiveVersion = 1;
	classes = {
	};
	objectVersion = 50;
	objects = {

/* Begin PBXBuildFile section */
		1B3F4FFF2693AFED00DE8B7E /* Chapter1Koans.swift in Sources */ = {isa = PBXBuildFile; fileRef = 1B3F4FFE2693AFED00DE8B7E /* Chapter1Koans.swift */; };
		1B3F50012693D1C300DE8B7E /* SETUP.swift in Sources */ = {isa = PBXBuildFile; fileRef = 1B3F50002693D1C300DE8B7E /* SETUP.swift */; };
		1B3F50042693D2EA00DE8B7E /* CheckAnswer.swift in Sources */ = {isa = PBXBuildFile; fileRef = 1B3F50032693D2EA00DE8B7E /* CheckAnswer.swift */; };
		1BAE3271267C02DA005C38B6 /* main.swift in Sources */ = {isa = PBXBuildFile; fileRef = 1BAE3270267C02DA005C38B6 /* main.swift */; };
		1BAE3278267C02F6005C38B6 /* FunctionalOrientedProgramming.swift in Sources */ = {isa = PBXBuildFile; fileRef = 1BAE3277267C02F6005C38B6 /* FunctionalOrientedProgramming.swift */; };
		1BDF73AD267FE9F10006DB65 /* KonesFromTheBeginning.swift in Sources */ = {isa = PBXBuildFile; fileRef = 1BDF73AC267FE9F10006DB65 /* KonesFromTheBeginning.swift */; };
		1BDF73AF267FF6D20006DB65 /* ReallyAdvancedPrinting.swift in Sources */ = {isa = PBXBuildFile; fileRef = 1BDF73AE267FF6D20006DB65 /* ReallyAdvancedPrinting.swift */; };
		1BDF73B926824BAE0006DB65 /* KoansTests.swift in Sources */ = {isa = PBXBuildFile; fileRef = 1BDF73B826824BAE0006DB65 /* KoansTests.swift */; };
		1BDF73BE26824BC10006DB65 /* PropertyWrappers.swift in Sources */ = {isa = PBXBuildFile; fileRef = 1BDF73B026824B040006DB65 /* PropertyWrappers.swift */; };
		1BDF73BF26824EAA0006DB65 /* PropertyWrappers.swift in Sources */ = {isa = PBXBuildFile; fileRef = 1BDF73B026824B040006DB65 /* PropertyWrappers.swift */; };
		1BDF73C1268258170006DB65 /* GreatExtensions.swift in Sources */ = {isa = PBXBuildFile; fileRef = 1BDF73C0268258170006DB65 /* GreatExtensions.swift */; };
		1BDF73C3268259F60006DB65 /* ReactorWrapper.swift in Sources */ = {isa = PBXBuildFile; fileRef = 1BDF73C2268259F60006DB65 /* ReactorWrapper.swift */; };
		1BDF73C526825A040006DB65 /* SpriteKit.swift in Sources */ = {isa = PBXBuildFile; fileRef = 1BDF73C426825A040006DB65 /* SpriteKit.swift */; };
/* End PBXBuildFile section */

/* Begin PBXCopyFilesBuildPhase section */
		1BAE326B267C02DA005C38B6 /* CopyFiles */ = {
			isa = PBXCopyFilesBuildPhase;
			buildActionMask = 2147483647;
			dstPath = /usr/share/man/man1/;
			dstSubfolderSpec = 0;
			files = (
			);
			runOnlyForDeploymentPostprocessing = 1;
		};
/* End PBXCopyFilesBuildPhase section */

/* Begin PBXFileReference section */
		1B3F4FFE2693AFED00DE8B7E /* Chapter1Koans.swift */ = {isa = PBXFileReference; lastKnownFileType = sourcecode.swift; path = Chapter1Koans.swift; sourceTree = "<group>"; };
		1B3F50002693D1C300DE8B7E /* SETUP.swift */ = {isa = PBXFileReference; lastKnownFileType = sourcecode.swift; path = SETUP.swift; sourceTree = "<group>"; };
		1B3F50032693D2EA00DE8B7E /* CheckAnswer.swift */ = {isa = PBXFileReference; lastKnownFileType = sourcecode.swift; path = CheckAnswer.swift; sourceTree = "<group>"; };
		1BAE326D267C02DA005C38B6 /* SwiftKoans */ = {isa = PBXFileReference; explicitFileType = "compiled.mach-o.executable"; includeInIndex = 0; path = SwiftKoans; sourceTree = BUILT_PRODUCTS_DIR; };
		1BAE3270267C02DA005C38B6 /* main.swift */ = {isa = PBXFileReference; lastKnownFileType = sourcecode.swift; path = main.swift; sourceTree = "<group>"; };
		1BAE3277267C02F6005C38B6 /* FunctionalOrientedProgramming.swift */ = {isa = PBXFileReference; lastKnownFileType = sourcecode.swift; path = FunctionalOrientedProgramming.swift; sourceTree = "<group>"; };
		1BDF73AC267FE9F10006DB65 /* KonesFromTheBeginning.swift */ = {isa = PBXFileReference; lastKnownFileType = sourcecode.swift; path = KonesFromTheBeginning.swift; sourceTree = "<group>"; };
		1BDF73AE267FF6D20006DB65 /* ReallyAdvancedPrinting.swift */ = {isa = PBXFileReference; lastKnownFileType = sourcecode.swift; path = ReallyAdvancedPrinting.swift; sourceTree = "<group>"; };
		1BDF73B026824B040006DB65 /* PropertyWrappers.swift */ = {isa = PBXFileReference; lastKnownFileType = sourcecode.swift; path = PropertyWrappers.swift; sourceTree = "<group>"; };
		1BDF73B626824BAE0006DB65 /* KoansTests.xctest */ = {isa = PBXFileReference; explicitFileType = wrapper.cfbundle; includeInIndex = 0; path = KoansTests.xctest; sourceTree = BUILT_PRODUCTS_DIR; };
		1BDF73B826824BAE0006DB65 /* KoansTests.swift */ = {isa = PBXFileReference; lastKnownFileType = sourcecode.swift; path = KoansTests.swift; sourceTree = "<group>"; };
		1BDF73BA26824BAE0006DB65 /* Info.plist */ = {isa = PBXFileReference; lastKnownFileType = text.plist.xml; path = Info.plist; sourceTree = "<group>"; };
		1BDF73C0268258170006DB65 /* GreatExtensions.swift */ = {isa = PBXFileReference; lastKnownFileType = sourcecode.swift; path = GreatExtensions.swift; sourceTree = "<group>"; };
		1BDF73C2268259F60006DB65 /* ReactorWrapper.swift */ = {isa = PBXFileReference; lastKnownFileType = sourcecode.swift; path = ReactorWrapper.swift; sourceTree = "<group>"; };
		1BDF73C426825A040006DB65 /* SpriteKit.swift */ = {isa = PBXFileReference; lastKnownFileType = sourcecode.swift; path = SpriteKit.swift; sourceTree = "<group>"; };
/* End PBXFileReference section */

/* Begin PBXFrameworksBuildPhase section */
		1BAE326A267C02DA005C38B6 /* Frameworks */ = {
			isa = PBXFrameworksBuildPhase;
			buildActionMask = 2147483647;
			files = (
			);
			runOnlyForDeploymentPostprocessing = 0;
		};
		1BDF73B326824BAE0006DB65 /* Frameworks */ = {
			isa = PBXFrameworksBuildPhase;
			buildActionMask = 2147483647;
			files = (
			);
			runOnlyForDeploymentPostprocessing = 0;
		};
/* End PBXFrameworksBuildPhase section */

/* Begin PBXGroup section */
		1BAE3264267C02D9005C38B6 = {
			isa = PBXGroup;
			children = (
				1BAE326F267C02DA005C38B6 /* SwiftKoans */,
				1BDF73B726824BAE0006DB65 /* KoansTests */,
				1BAE326E267C02DA005C38B6 /* Products */,
			);
			sourceTree = "<group>";
		};
		1BAE326E267C02DA005C38B6 /* Products */ = {
			isa = PBXGroup;
			children = (
				1BAE326D267C02DA005C38B6 /* SwiftKoans */,
				1BDF73B626824BAE0006DB65 /* KoansTests.xctest */,
			);
			name = Products;
			sourceTree = "<group>";
		};
		1BAE326F267C02DA005C38B6 /* SwiftKoans */ = {
			isa = PBXGroup;
			children = (
				1BAE3270267C02DA005C38B6 /* main.swift */,
				1B3F4FFE2693AFED00DE8B7E /* Chapter1Koans.swift */,
				1BDF73AE267FF6D20006DB65 /* ReallyAdvancedPrinting.swift */,
				1BDF73AC267FE9F10006DB65 /* KonesFromTheBeginning.swift */,
				1BAE3277267C02F6005C38B6 /* FunctionalOrientedProgramming.swift */,
				1BDF73B026824B040006DB65 /* PropertyWrappers.swift */,
				1BDF73C2268259F60006DB65 /* ReactorWrapper.swift */,
				1BDF73C426825A040006DB65 /* SpriteKit.swift */,
				1BDF73C0268258170006DB65 /* GreatExtensions.swift */,
			);
			path = SwiftKoans;
			sourceTree = "<group>";
		};
		1BDF73B726824BAE0006DB65 /* KoansTests */ = {
			isa = PBXGroup;
			children = (
				1BDF73B826824BAE0006DB65 /* KoansTests.swift */,
				1B3F50002693D1C300DE8B7E /* SETUP.swift */,
				1B3F50032693D2EA00DE8B7E /* CheckAnswer.swift */,
				1BDF73BA26824BAE0006DB65 /* Info.plist */,
			);
			path = KoansTests;
			sourceTree = "<group>";
		};
/* End PBXGroup section */

/* Begin PBXNativeTarget section */
		1BAE326C267C02DA005C38B6 /* SwiftKoans */ = {
			isa = PBXNativeTarget;
			buildConfigurationList = 1BAE3274267C02DA005C38B6 /* Build configuration list for PBXNativeTarget "SwiftKoans" */;
			buildPhases = (
				1BAE3269267C02DA005C38B6 /* Sources */,
				1BAE326A267C02DA005C38B6 /* Frameworks */,
				1BAE326B267C02DA005C38B6 /* CopyFiles */,
			);
			buildRules = (
			);
			dependencies = (
			);
			name = SwiftKoans;
			productName = SwiftKoans;
			productReference = 1BAE326D267C02DA005C38B6 /* SwiftKoans */;
			productType = "com.apple.product-type.tool";
		};
		1BDF73B526824BAE0006DB65 /* KoansTests */ = {
			isa = PBXNativeTarget;
			buildConfigurationList = 1BDF73BB26824BAE0006DB65 /* Build configuration list for PBXNativeTarget "KoansTests" */;
			buildPhases = (
				1BDF73B226824BAE0006DB65 /* Sources */,
				1BDF73B326824BAE0006DB65 /* Frameworks */,
				1BDF73B426824BAE0006DB65 /* Resources */,
			);
			buildRules = (
			);
			dependencies = (
			);
			name = KoansTests;
			productName = KoansTests;
			productReference = 1BDF73B626824BAE0006DB65 /* KoansTests.xctest */;
			productType = "com.apple.product-type.bundle.unit-test";
		};
/* End PBXNativeTarget section */

/* Begin PBXProject section */
		1BAE3265267C02D9005C38B6 /* Project object */ = {
			isa = PBXProject;
			attributes = {
				LastSwiftUpdateCheck = 1250;
				LastUpgradeCheck = 1250;
				TargetAttributes = {
					1BAE326C267C02DA005C38B6 = {
						CreatedOnToolsVersion = 12.5;
					};
					1BDF73B526824BAE0006DB65 = {
						CreatedOnToolsVersion = 12.5;
					};
				};
			};
			buildConfigurationList = 1BAE3268267C02D9005C38B6 /* Build configuration list for PBXProject "SwiftKoans" */;
			compatibilityVersion = "Xcode 9.3";
			developmentRegion = en;
			hasScannedForEncodings = 0;
			knownRegions = (
				en,
				Base,
			);
			mainGroup = 1BAE3264267C02D9005C38B6;
			productRefGroup = 1BAE326E267C02DA005C38B6 /* Products */;
			projectDirPath = "";
			projectRoot = "";
			targets = (
				1BAE326C267C02DA005C38B6 /* SwiftKoans */,
				1BDF73B526824BAE0006DB65 /* KoansTests */,
			);
		};
/* End PBXProject section */

/* Begin PBXResourcesBuildPhase section */
		1BDF73B426824BAE0006DB65 /* Resources */ = {
			isa = PBXResourcesBuildPhase;
			buildActionMask = 2147483647;
			files = (
			);
			runOnlyForDeploymentPostprocessing = 0;
		};
/* End PBXResourcesBuildPhase section */

/* Begin PBXSourcesBuildPhase section */
		1BAE3269267C02DA005C38B6 /* Sources */ = {
			isa = PBXSourcesBuildPhase;
			buildActionMask = 2147483647;
			files = (
				1BDF73AD267FE9F10006DB65 /* KonesFromTheBeginning.swift in Sources */,
				1BDF73C526825A040006DB65 /* SpriteKit.swift in Sources */,
				1BDF73C3268259F60006DB65 /* ReactorWrapper.swift in Sources */,
				1BDF73C1268258170006DB65 /* GreatExtensions.swift in Sources */,
				1BDF73AF267FF6D20006DB65 /* ReallyAdvancedPrinting.swift in Sources */,
				1BAE3278267C02F6005C38B6 /* FunctionalOrientedProgramming.swift in Sources */,
				1B3F4FFF2693AFED00DE8B7E /* Chapter1Koans.swift in Sources */,
				1BDF73BF26824EAA0006DB65 /* PropertyWrappers.swift in Sources */,
				1BAE3271267C02DA005C38B6 /* main.swift in Sources */,
			);
			runOnlyForDeploymentPostprocessing = 0;
		};
		1BDF73B226824BAE0006DB65 /* Sources */ = {
			isa = PBXSourcesBuildPhase;
			buildActionMask = 2147483647;
			files = (
				1BDF73BE26824BC10006DB65 /* PropertyWrappers.swift in Sources */,
				1BDF73B926824BAE0006DB65 /* KoansTests.swift in Sources */,
				1B3F50042693D2EA00DE8B7E /* CheckAnswer.swift in Sources */,
				1B3F50012693D1C300DE8B7E /* SETUP.swift in Sources */,
			);
			runOnlyForDeploymentPostprocessing = 0;
		};
/* End PBXSourcesBuildPhase section */

/* Begin XCBuildConfiguration section */
		1BAE3272267C02DA005C38B6 /* Debug */ = {
			isa = XCBuildConfiguration;
			buildSettings = {
				ALWAYS_SEARCH_USER_PATHS = NO;
				CLANG_ANALYZER_NONNULL = YES;
				CLANG_ANALYZER_NUMBER_OBJECT_CONVERSION = YES_AGGRESSIVE;
				CLANG_CXX_LANGUAGE_STANDARD = "gnu++14";
				CLANG_CXX_LIBRARY = "libc++";
				CLANG_ENABLE_MODULES = YES;
				CLANG_ENABLE_OBJC_ARC = YES;
				CLANG_ENABLE_OBJC_WEAK = YES;
				CLANG_WARN_BLOCK_CAPTURE_AUTORELEASING = YES;
				CLANG_WARN_BOOL_CONVERSION = YES;
				CLANG_WARN_COMMA = YES;
				CLANG_WARN_CONSTANT_CONVERSION = YES;
				CLANG_WARN_DEPRECATED_OBJC_IMPLEMENTATIONS = YES;
				CLANG_WARN_DIRECT_OBJC_ISA_USAGE = YES_ERROR;
				CLANG_WARN_DOCUMENTATION_COMMENTS = YES;
				CLANG_WARN_EMPTY_BODY = YES;
				CLANG_WARN_ENUM_CONVERSION = YES;
				CLANG_WARN_INFINITE_RECURSION = YES;
				CLANG_WARN_INT_CONVERSION = YES;
				CLANG_WARN_NON_LITERAL_NULL_CONVERSION = YES;
				CLANG_WARN_OBJC_IMPLICIT_RETAIN_SELF = YES;
				CLANG_WARN_OBJC_LITERAL_CONVERSION = YES;
				CLANG_WARN_OBJC_ROOT_CLASS = YES_ERROR;
				CLANG_WARN_QUOTED_INCLUDE_IN_FRAMEWORK_HEADER = YES;
				CLANG_WARN_RANGE_LOOP_ANALYSIS = YES;
				CLANG_WARN_STRICT_PROTOTYPES = YES;
				CLANG_WARN_SUSPICIOUS_MOVE = YES;
				CLANG_WARN_UNGUARDED_AVAILABILITY = YES_AGGRESSIVE;
				CLANG_WARN_UNREACHABLE_CODE = YES;
				CLANG_WARN__DUPLICATE_METHOD_MATCH = YES;
				COPY_PHASE_STRIP = NO;
				DEBUG_INFORMATION_FORMAT = dwarf;
				ENABLE_STRICT_OBJC_MSGSEND = YES;
				ENABLE_TESTABILITY = YES;
				GCC_C_LANGUAGE_STANDARD = gnu11;
				GCC_DYNAMIC_NO_PIC = NO;
				GCC_NO_COMMON_BLOCKS = YES;
				GCC_OPTIMIZATION_LEVEL = 0;
				GCC_PREPROCESSOR_DEFINITIONS = (
					"DEBUG=1",
					"$(inherited)",
				);
				GCC_WARN_64_TO_32_BIT_CONVERSION = YES;
				GCC_WARN_ABOUT_RETURN_TYPE = YES_ERROR;
				GCC_WARN_UNDECLARED_SELECTOR = YES;
				GCC_WARN_UNINITIALIZED_AUTOS = YES_AGGRESSIVE;
				GCC_WARN_UNUSED_FUNCTION = YES;
				GCC_WARN_UNUSED_VARIABLE = YES;
				MACOSX_DEPLOYMENT_TARGET = 11.0;
				MTL_ENABLE_DEBUG_INFO = INCLUDE_SOURCE;
				MTL_FAST_MATH = YES;
				ONLY_ACTIVE_ARCH = YES;
				SDKROOT = macosx;
				SWIFT_ACTIVE_COMPILATION_CONDITIONS = DEBUG;
				SWIFT_OPTIMIZATION_LEVEL = "-Onone";
			};
			name = Debug;
		};
		1BAE3273267C02DA005C38B6 /* Release */ = {
			isa = XCBuildConfiguration;
			buildSettings = {
				ALWAYS_SEARCH_USER_PATHS = NO;
				CLANG_ANALYZER_NONNULL = YES;
				CLANG_ANALYZER_NUMBER_OBJECT_CONVERSION = YES_AGGRESSIVE;
				CLANG_CXX_LANGUAGE_STANDARD = "gnu++14";
				CLANG_CXX_LIBRARY = "libc++";
				CLANG_ENABLE_MODULES = YES;
				CLANG_ENABLE_OBJC_ARC = YES;
				CLANG_ENABLE_OBJC_WEAK = YES;
				CLANG_WARN_BLOCK_CAPTURE_AUTORELEASING = YES;
				CLANG_WARN_BOOL_CONVERSION = YES;
				CLANG_WARN_COMMA = YES;
				CLANG_WARN_CONSTANT_CONVERSION = YES;
				CLANG_WARN_DEPRECATED_OBJC_IMPLEMENTATIONS = YES;
				CLANG_WARN_DIRECT_OBJC_ISA_USAGE = YES_ERROR;
				CLANG_WARN_DOCUMENTATION_COMMENTS = YES;
				CLANG_WARN_EMPTY_BODY = YES;
				CLANG_WARN_ENUM_CONVERSION = YES;
				CLANG_WARN_INFINITE_RECURSION = YES;
				CLANG_WARN_INT_CONVERSION = YES;
				CLANG_WARN_NON_LITERAL_NULL_CONVERSION = YES;
				CLANG_WARN_OBJC_IMPLICIT_RETAIN_SELF = YES;
				CLANG_WARN_OBJC_LITERAL_CONVERSION = YES;
				CLANG_WARN_OBJC_ROOT_CLASS = YES_ERROR;
				CLANG_WARN_QUOTED_INCLUDE_IN_FRAMEWORK_HEADER = YES;
				CLANG_WARN_RANGE_LOOP_ANALYSIS = YES;
				CLANG_WARN_STRICT_PROTOTYPES = YES;
				CLANG_WARN_SUSPICIOUS_MOVE = YES;
				CLANG_WARN_UNGUARDED_AVAILABILITY = YES_AGGRESSIVE;
				CLANG_WARN_UNREACHABLE_CODE = YES;
				CLANG_WARN__DUPLICATE_METHOD_MATCH = YES;
				COPY_PHASE_STRIP = NO;
				DEBUG_INFORMATION_FORMAT = "dwarf-with-dsym";
				ENABLE_NS_ASSERTIONS = NO;
				ENABLE_STRICT_OBJC_MSGSEND = YES;
				GCC_C_LANGUAGE_STANDARD = gnu11;
				GCC_NO_COMMON_BLOCKS = YES;
				GCC_WARN_64_TO_32_BIT_CONVERSION = YES;
				GCC_WARN_ABOUT_RETURN_TYPE = YES_ERROR;
				GCC_WARN_UNDECLARED_SELECTOR = YES;
				GCC_WARN_UNINITIALIZED_AUTOS = YES_AGGRESSIVE;
				GCC_WARN_UNUSED_FUNCTION = YES;
				GCC_WARN_UNUSED_VARIABLE = YES;
				MACOSX_DEPLOYMENT_TARGET = 11.0;
				MTL_ENABLE_DEBUG_INFO = NO;
				MTL_FAST_MATH = YES;
				SDKROOT = macosx;
				SWIFT_COMPILATION_MODE = wholemodule;
				SWIFT_OPTIMIZATION_LEVEL = "-O";
			};
			name = Release;
		};
		1BAE3275267C02DA005C38B6 /* Debug */ = {
			isa = XCBuildConfiguration;
			buildSettings = {
				CODE_SIGN_STYLE = Automatic;
				DEVELOPMENT_TEAM = R3PU6JKY2A;
				ENABLE_HARDENED_RUNTIME = YES;
				PRODUCT_NAME = "$(TARGET_NAME)";
				SWIFT_VERSION = 5.0;
			};
			name = Debug;
		};
		1BAE3276267C02DA005C38B6 /* Release */ = {
			isa = XCBuildConfiguration;
			buildSettings = {
				CODE_SIGN_STYLE = Automatic;
				DEVELOPMENT_TEAM = R3PU6JKY2A;
				ENABLE_HARDENED_RUNTIME = YES;
				PRODUCT_NAME = "$(TARGET_NAME)";
				SWIFT_VERSION = 5.0;
			};
			name = Release;
		};
		1BDF73BC26824BAE0006DB65 /* Debug */ = {
			isa = XCBuildConfiguration;
			buildSettings = {
				CODE_SIGN_STYLE = Automatic;
				COMBINE_HIDPI_IMAGES = YES;
				DEVELOPMENT_TEAM = R3PU6JKY2A;
				INFOPLIST_FILE = KoansTests/Info.plist;
				LD_RUNPATH_SEARCH_PATHS = (
					"$(inherited)",
					"@executable_path/../Frameworks",
					"@loader_path/../Frameworks",
				);
				PRODUCT_BUNDLE_IDENTIFIER = com.ubermaze.CloudKitTestMega.KoansTests;
				PRODUCT_NAME = "$(TARGET_NAME)";
				SWIFT_VERSION = 5.0;
			};
			name = Debug;
		};
		1BDF73BD26824BAE0006DB65 /* Release */ = {
			isa = XCBuildConfiguration;
			buildSettings = {
				CODE_SIGN_STYLE = Automatic;
				COMBINE_HIDPI_IMAGES = YES;
				DEVELOPMENT_TEAM = R3PU6JKY2A;
				INFOPLIST_FILE = KoansTests/Info.plist;
				LD_RUNPATH_SEARCH_PATHS = (
					"$(inherited)",
					"@executable_path/../Frameworks",
					"@loader_path/../Frameworks",
				);
				PRODUCT_BUNDLE_IDENTIFIER = com.ubermaze.CloudKitTestMega.KoansTests;
				PRODUCT_NAME = "$(TARGET_NAME)";
				SWIFT_VERSION = 5.0;
			};
			name = Release;
		};
/* End XCBuildConfiguration section */

/* Begin XCConfigurationList section */
		1BAE3268267C02D9005C38B6 /* Build configuration list for PBXProject "SwiftKoans" */ = {
			isa = XCConfigurationList;
			buildConfigurations = (
				1BAE3272267C02DA005C38B6 /* Debug */,
				1BAE3273267C02DA005C38B6 /* Release */,
			);
			defaultConfigurationIsVisible = 0;
			defaultConfigurationName = Release;
		};
		1BAE3274267C02DA005C38B6 /* Build configuration list for PBXNativeTarget "SwiftKoans" */ = {
			isa = XCConfigurationList;
			buildConfigurations = (
				1BAE3275267C02DA005C38B6 /* Debug */,
				1BAE3276267C02DA005C38B6 /* Release */,
			);
			defaultConfigurationIsVisible = 0;
			defaultConfigurationName = Release;
		};
		1BDF73BB26824BAE0006DB65 /* Build configuration list for PBXNativeTarget "KoansTests" */ = {
			isa = XCConfigurationList;
			buildConfigurations = (
				1BDF73BC26824BAE0006DB65 /* Debug */,
				1BDF73BD26824BAE0006DB65 /* Release */,
			);
			defaultConfigurationIsVisible = 0;
			defaultConfigurationName = Release;
		};
/* End XCConfigurationList section */
	};
	rootObject = 1BAE3265267C02D9005C38B6 /* Project object */;
}
